
Microsoft Visual Studio Solution File, Format Version 12.00
# Visual Studio 14
VisualStudioVersion = 14.0.25420.1
MinimumVisualStudioVersion = 10.0.40219.1
Project("{F088123C-0E9E-452A-89E6-6BA2F21D5CAC}") = "ModelingProject1", "ModelingProject1\ModelingProject1.modelproj", "{ED24B034-DFC3-4347-96B7-40224B7BBF6A}"
EndProject
Project("{FAE04EC0-301F-11D3-BF4B-00C04F79EFBC}") = "Domain", "Domain\Domain.csproj", "{04743619-B121-47A9-821B-0E496ECF716C}"
EndProject
Project("{FAE04EC0-301F-11D3-BF4B-00C04F79EFBC}") = "Utility", "Utility\Utility.csproj", "{4BC997E1-EE71-4E20-BACC-9F8C0F899D96}"
EndProject
Project("{FAE04EC0-301F-11D3-BF4B-00C04F79EFBC}") = "Utility.Tests", "Utility.Tests\Utility.Tests.csproj", "{FDA4212E-BBAB-4E79-8A44-BAA4D6968923}"
EndProject
Project("{FAE04EC0-301F-11D3-BF4B-00C04F79EFBC}") = "Domain.Tests", "Domain.Tests\Domain.Tests.csproj", "{BD1E9F81-6C28-488D-8CAB-A6FA1AF62A56}"
EndProject
Project("{FAE04EC0-301F-11D3-BF4B-00C04F79EFBC}") = "Service", "Service\Service.csproj", "{6CB1D6FC-049C-4DF5-BD57-9BEE28479F60}"
EndProject
Project("{FAE04EC0-301F-11D3-BF4B-00C04F79EFBC}") = "Service.Tests", "Service.Tests\Service.Tests.csproj", "{393A372D-DD2F-487A-A13D-88667923D991}"
EndProject
Project("{FAE04EC0-301F-11D3-BF4B-00C04F79EFBC}") = "WinformsUI", "WinformsUI\WinformsUI.csproj", "{1D2AFA9D-A83C-46B4-8C4C-EF1C30B9338C}"
EndProject
Project("{6141683F-8A12-4E36-9623-2EB02B2C2303}") = "Setup3", "Setup3\Setup3.isproj", "{D13D2DF4-FB8A-44DC-B13D-8E175236E97E}"
EndProject
Global
	GlobalSection(SolutionConfigurationPlatforms) = preSolution
		CD_ROM|Any CPU = CD_ROM|Any CPU
		Debug|Any CPU = Debug|Any CPU
		DVD-5|Any CPU = DVD-5|Any CPU
		Release|Any CPU = Release|Any CPU
		SingleImage|Any CPU = SingleImage|Any CPU
	EndGlobalSection
	GlobalSection(ProjectConfigurationPlatforms) = postSolution
		{ED24B034-DFC3-4347-96B7-40224B7BBF6A}.CD_ROM|Any CPU.ActiveCfg = Release|Any CPU
		{ED24B034-DFC3-4347-96B7-40224B7BBF6A}.CD_ROM|Any CPU.Build.0 = Release|Any CPU
		{ED24B034-DFC3-4347-96B7-40224B7BBF6A}.Debug|Any CPU.ActiveCfg = Debug|Any CPU
		{ED24B034-DFC3-4347-96B7-40224B7BBF6A}.Debug|Any CPU.Build.0 = Debug|Any CPU
		{ED24B034-DFC3-4347-96B7-40224B7BBF6A}.DVD-5|Any CPU.ActiveCfg = Debug|Any CPU
		{ED24B034-DFC3-4347-96B7-40224B7BBF6A}.DVD-5|Any CPU.Build.0 = Debug|Any CPU
		{ED24B034-DFC3-4347-96B7-40224B7BBF6A}.Release|Any CPU.ActiveCfg = Release|Any CPU
		{ED24B034-DFC3-4347-96B7-40224B7BBF6A}.Release|Any CPU.Build.0 = Release|Any CPU
		{ED24B034-DFC3-4347-96B7-40224B7BBF6A}.SingleImage|Any CPU.ActiveCfg = Release|Any CPU
		{ED24B034-DFC3-4347-96B7-40224B7BBF6A}.SingleImage|Any CPU.Build.0 = Release|Any CPU
		{04743619-B121-47A9-821B-0E496ECF716C}.CD_ROM|Any CPU.ActiveCfg = Release|Any CPU
		{04743619-B121-47A9-821B-0E496ECF716C}.CD_ROM|Any CPU.Build.0 = Release|Any CPU
		{04743619-B121-47A9-821B-0E496ECF716C}.Debug|Any CPU.ActiveCfg = Debug|Any CPU
		{04743619-B121-47A9-821B-0E496ECF716C}.Debug|Any CPU.Build.0 = Debug|Any CPU
		{04743619-B121-47A9-821B-0E496ECF716C}.DVD-5|Any CPU.ActiveCfg = Debug|Any CPU
		{04743619-B121-47A9-821B-0E496ECF716C}.DVD-5|Any CPU.Build.0 = Debug|Any CPU
		{04743619-B121-47A9-821B-0E496ECF716C}.Release|Any CPU.ActiveCfg = Release|Any CPU
		{04743619-B121-47A9-821B-0E496ECF716C}.Release|Any CPU.Build.0 = Release|Any CPU
		{04743619-B121-47A9-821B-0E496ECF716C}.SingleImage|Any CPU.ActiveCfg = Release|Any CPU
		{04743619-B121-47A9-821B-0E496ECF716C}.SingleImage|Any CPU.Build.0 = Release|Any CPU
		{4BC997E1-EE71-4E20-BACC-9F8C0F899D96}.CD_ROM|Any CPU.ActiveCfg = Release|Any CPU
		{4BC997E1-EE71-4E20-BACC-9F8C0F899D96}.CD_ROM|Any CPU.Build.0 = Release|Any CPU
		{4BC997E1-EE71-4E20-BACC-9F8C0F899D96}.Debug|Any CPU.ActiveCfg = Debug|Any CPU
		{4BC997E1-EE71-4E20-BACC-9F8C0F899D96}.Debug|Any CPU.Build.0 = Debug|Any CPU
		{4BC997E1-EE71-4E20-BACC-9F8C0F899D96}.DVD-5|Any CPU.ActiveCfg = Debug|Any CPU
		{4BC997E1-EE71-4E20-BACC-9F8C0F899D96}.DVD-5|Any CPU.Build.0 = Debug|Any CPU
		{4BC997E1-EE71-4E20-BACC-9F8C0F899D96}.Release|Any CPU.ActiveCfg = Release|Any CPU
		{4BC997E1-EE71-4E20-BACC-9F8C0F899D96}.Release|Any CPU.Build.0 = Release|Any CPU
		{4BC997E1-EE71-4E20-BACC-9F8C0F899D96}.SingleImage|Any CPU.ActiveCfg = Release|Any CPU
		{4BC997E1-EE71-4E20-BACC-9F8C0F899D96}.SingleImage|Any CPU.Build.0 = Release|Any CPU
		{FDA4212E-BBAB-4E79-8A44-BAA4D6968923}.CD_ROM|Any CPU.ActiveCfg = Release|Any CPU
		{FDA4212E-BBAB-4E79-8A44-BAA4D6968923}.CD_ROM|Any CPU.Build.0 = Release|Any CPU
		{FDA4212E-BBAB-4E79-8A44-BAA4D6968923}.Debug|Any CPU.ActiveCfg = Debug|Any CPU
		{FDA4212E-BBAB-4E79-8A44-BAA4D6968923}.Debug|Any CPU.Build.0 = Debug|Any CPU
		{FDA4212E-BBAB-4E79-8A44-BAA4D6968923}.DVD-5|Any CPU.ActiveCfg = Debug|Any CPU
		{FDA4212E-BBAB-4E79-8A44-BAA4D6968923}.DVD-5|Any CPU.Build.0 = Debug|Any CPU
		{FDA4212E-BBAB-4E79-8A44-BAA4D6968923}.Release|Any CPU.ActiveCfg = Release|Any CPU
		{FDA4212E-BBAB-4E79-8A44-BAA4D6968923}.Release|Any CPU.Build.0 = Release|Any CPU
		{FDA4212E-BBAB-4E79-8A44-BAA4D6968923}.SingleImage|Any CPU.ActiveCfg = Release|Any CPU
		{FDA4212E-BBAB-4E79-8A44-BAA4D6968923}.SingleImage|Any CPU.Build.0 = Release|Any CPU
		{BD1E9F81-6C28-488D-8CAB-A6FA1AF62A56}.CD_ROM|Any CPU.ActiveCfg = Release|Any CPU
		{BD1E9F81-6C28-488D-8CAB-A6FA1AF62A56}.CD_ROM|Any CPU.Build.0 = Release|Any CPU
		{BD1E9F81-6C28-488D-8CAB-A6FA1AF62A56}.Debug|Any CPU.ActiveCfg = Debug|Any CPU
		{BD1E9F81-6C28-488D-8CAB-A6FA1AF62A56}.Debug|Any CPU.Build.0 = Debug|Any CPU
		{BD1E9F81-6C28-488D-8CAB-A6FA1AF62A56}.DVD-5|Any CPU.ActiveCfg = Debug|Any CPU
		{BD1E9F81-6C28-488D-8CAB-A6FA1AF62A56}.DVD-5|Any CPU.Build.0 = Debug|Any CPU
		{BD1E9F81-6C28-488D-8CAB-A6FA1AF62A56}.Release|Any CPU.ActiveCfg = Release|Any CPU
		{BD1E9F81-6C28-488D-8CAB-A6FA1AF62A56}.Release|Any CPU.Build.0 = Release|Any CPU
		{BD1E9F81-6C28-488D-8CAB-A6FA1AF62A56}.SingleImage|Any CPU.ActiveCfg = Release|Any CPU
		{BD1E9F81-6C28-488D-8CAB-A6FA1AF62A56}.SingleImage|Any CPU.Build.0 = Release|Any CPU
		{6CB1D6FC-049C-4DF5-BD57-9BEE28479F60}.CD_ROM|Any CPU.ActiveCfg = Release|Any CPU
		{6CB1D6FC-049C-4DF5-BD57-9BEE28479F60}.CD_ROM|Any CPU.Build.0 = Release|Any CPU
		{6CB1D6FC-049C-4DF5-BD57-9BEE28479F60}.Debug|Any CPU.ActiveCfg = Debug|Any CPU
		{6CB1D6FC-049C-4DF5-BD57-9BEE28479F60}.Debug|Any CPU.Build.0 = Debug|Any CPU
		{6CB1D6FC-049C-4DF5-BD57-9BEE28479F60}.DVD-5|Any CPU.ActiveCfg = Debug|Any CPU
		{6CB1D6FC-049C-4DF5-BD57-9BEE28479F60}.DVD-5|Any CPU.Build.0 = Debug|Any CPU
		{6CB1D6FC-049C-4DF5-BD57-9BEE28479F60}.Release|Any CPU.ActiveCfg = Release|Any CPU
		{6CB1D6FC-049C-4DF5-BD57-9BEE28479F60}.Release|Any CPU.Build.0 = Release|Any CPU
		{6CB1D6FC-049C-4DF5-BD57-9BEE28479F60}.SingleImage|Any CPU.ActiveCfg = Release|Any CPU
		{6CB1D6FC-049C-4DF5-BD57-9BEE28479F60}.SingleImage|Any CPU.Build.0 = Release|Any CPU
		{393A372D-DD2F-487A-A13D-88667923D991}.CD_ROM|Any CPU.ActiveCfg = Release|Any CPU
		{393A372D-DD2F-487A-A13D-88667923D991}.CD_ROM|Any CPU.Build.0 = Release|Any CPU
		{393A372D-DD2F-487A-A13D-88667923D991}.Debug|Any CPU.ActiveCfg = Debug|Any CPU
		{393A372D-DD2F-487A-A13D-88667923D991}.Debug|Any CPU.Build.0 = Debug|Any CPU
		{393A372D-DD2F-487A-A13D-88667923D991}.DVD-5|Any CPU.ActiveCfg = Debug|Any CPU
		{393A372D-DD2F-487A-A13D-88667923D991}.DVD-5|Any CPU.Build.0 = Debug|Any CPU
		{393A372D-DD2F-487A-A13D-88667923D991}.Release|Any CPU.ActiveCfg = Release|Any CPU
		{393A372D-DD2F-487A-A13D-88667923D991}.Release|Any CPU.Build.0 = Release|Any CPU
		{393A372D-DD2F-487A-A13D-88667923D991}.SingleImage|Any CPU.ActiveCfg = Release|Any CPU
		{393A372D-DD2F-487A-A13D-88667923D991}.SingleImage|Any CPU.Build.0 = Release|Any CPU
		{1D2AFA9D-A83C-46B4-8C4C-EF1C30B9338C}.CD_ROM|Any CPU.ActiveCfg = Release|Any CPU
		{1D2AFA9D-A83C-46B4-8C4C-EF1C30B9338C}.CD_ROM|Any CPU.Build.0 = Release|Any CPU
		{1D2AFA9D-A83C-46B4-8C4C-EF1C30B9338C}.Debug|Any CPU.ActiveCfg = Debug|Any CPU
		{1D2AFA9D-A83C-46B4-8C4C-EF1C30B9338C}.Debug|Any CPU.Build.0 = Debug|Any CPU
		{1D2AFA9D-A83C-46B4-8C4C-EF1C30B9338C}.DVD-5|Any CPU.ActiveCfg = Debug|Any CPU
		{1D2AFA9D-A83C-46B4-8C4C-EF1C30B9338C}.DVD-5|Any CPU.Build.0 = Debug|Any CPU
		{1D2AFA9D-A83C-46B4-8C4C-EF1C30B9338C}.Release|Any CPU.ActiveCfg = Release|Any CPU
		{1D2AFA9D-A83C-46B4-8C4C-EF1C30B9338C}.Release|Any CPU.Build.0 = Release|Any CPU
		{1D2AFA9D-A83C-46B4-8C4C-EF1C30B9338C}.SingleImage|Any CPU.ActiveCfg = Release|Any CPU
		{1D2AFA9D-A83C-46B4-8C4C-EF1C30B9338C}.SingleImage|Any CPU.Build.0 = Release|Any CPU
		{D13D2DF4-FB8A-44DC-B13D-8E175236E97E}.CD_ROM|Any CPU.ActiveCfg = CD_ROM
		{D13D2DF4-FB8A-44DC-B13D-8E175236E97E}.CD_ROM|Any CPU.Build.0 = CD_ROM
		{D13D2DF4-FB8A-44DC-B13D-8E175236E97E}.Debug|Any CPU.ActiveCfg = SingleImage
		{D13D2DF4-FB8A-44DC-B13D-8E175236E97E}.Debug|Any CPU.Build.0 = SingleImage
		{D13D2DF4-FB8A-44DC-B13D-8E175236E97E}.DVD-5|Any CPU.ActiveCfg = DVD-5
		{D13D2DF4-FB8A-44DC-B13D-8E175236E97E}.DVD-5|Any CPU.Build.0 = DVD-5
		{D13D2DF4-FB8A-44DC-B13D-8E175236E97E}.Release|Any CPU.ActiveCfg = SingleImage
		{D13D2DF4-FB8A-44DC-B13D-8E175236E97E}.Release|Any CPU.Build.0 = SingleImage
		{D13D2DF4-FB8A-44DC-B13D-8E175236E97E}.SingleImage|Any CPU.ActiveCfg = SingleImage
		{D13D2DF4-FB8A-44DC-B13D-8E175236E97E}.SingleImage|Any CPU.Build.0 = SingleImage
	EndGlobalSection
	GlobalSection(SolutionProperties) = preSolution
		HideSolutionNode = FALSE
	EndGlobalSection
EndGlobal
